// !$*UTF8*$!
{
	archiveVersion = 1;
	classes = {
	};
	objectVersion = 52;
	objects = {

/* Begin PBXBuildFile section */
		C082463C2612385A003ADD82 /* DateFormatter+Extensions.swift in Sources */ = {isa = PBXBuildFile; fileRef = C082463B2612385A003ADD82 /* DateFormatter+Extensions.swift */; };
		C0824640261238EA003ADD82 /* MovieListView.swift in Sources */ = {isa = PBXBuildFile; fileRef = C082463F261238EA003ADD82 /* MovieListView.swift */; };
		C082464426123907003ADD82 /* TMDBVerticalGrid.swift in Sources */ = {isa = PBXBuildFile; fileRef = C082464326123907003ADD82 /* TMDBVerticalGrid.swift */; };
		C08246472612491A003ADD82 /* MovieListViewModel.swift in Sources */ = {isa = PBXBuildFile; fileRef = C08246462612491A003ADD82 /* MovieListViewModel.swift */; };
		C082464A26124AB3003ADD82 /* TVShowListViewModel.swift in Sources */ = {isa = PBXBuildFile; fileRef = C082464926124AB3003ADD82 /* TVShowListViewModel.swift */; };
		C082464D26124DB8003ADD82 /* MoviesService.swift in Sources */ = {isa = PBXBuildFile; fileRef = C082464C26124DB8003ADD82 /* MoviesService.swift */; };
		C082465026124E3D003ADD82 /* TVShowsService.swift in Sources */ = {isa = PBXBuildFile; fileRef = C082464F26124E3D003ADD82 /* TVShowsService.swift */; };
		C0824656261252AF003ADD82 /* MoyaRequester.swift in Sources */ = {isa = PBXBuildFile; fileRef = C0824655261252AF003ADD82 /* MoyaRequester.swift */; };
		C082465B261253C9003ADD82 /* NetworkManager.swift in Sources */ = {isa = PBXBuildFile; fileRef = C082465A261253C9003ADD82 /* NetworkManager.swift */; };
		C082465F2612547E003ADD82 /* NetworkConfiguration.swift in Sources */ = {isa = PBXBuildFile; fileRef = C082465E2612547E003ADD82 /* NetworkConfiguration.swift */; };
		C082466526125864003ADD82 /* MoviesTarget.swift in Sources */ = {isa = PBXBuildFile; fileRef = C082466426125864003ADD82 /* MoviesTarget.swift */; };
		C082466826125981003ADD82 /* TVShowsTarget.swift in Sources */ = {isa = PBXBuildFile; fileRef = C082466726125981003ADD82 /* TVShowsTarget.swift */; };
		C082466B26125AA6003ADD82 /* APIResponse.swift in Sources */ = {isa = PBXBuildFile; fileRef = C082466A26125AA6003ADD82 /* APIResponse.swift */; };
		C082466E26125D6C003ADD82 /* TVShowListView.swift in Sources */ = {isa = PBXBuildFile; fileRef = C082466D26125D6C003ADD82 /* TVShowListView.swift */; };
		C7F2BCF5261045E200578746 /* NetworkManagerApp.swift in Sources */ = {isa = PBXBuildFile; fileRef = C7F2BCF4261045E200578746 /* NetworkManagerApp.swift */; };
		C7F2BCF7261045E200578746 /* ContentView.swift in Sources */ = {isa = PBXBuildFile; fileRef = C7F2BCF6261045E200578746 /* ContentView.swift */; };
		C7F2BCF9261045E300578746 /* Assets.xcassets in Resources */ = {isa = PBXBuildFile; fileRef = C7F2BCF8261045E300578746 /* Assets.xcassets */; };
		C7F2BCFC261045E300578746 /* Preview Assets.xcassets in Resources */ = {isa = PBXBuildFile; fileRef = C7F2BCFB261045E300578746 /* Preview Assets.xcassets */; };
		C7F2BD0D261046A700578746 /* Constants.swift in Sources */ = {isa = PBXBuildFile; fileRef = C7F2BD0C261046A700578746 /* Constants.swift */; };
		C7F2BD122610470400578746 /* ItemView.swift in Sources */ = {isa = PBXBuildFile; fileRef = C7F2BD112610470400578746 /* ItemView.swift */; };
		C7F2BD162610479F00578746 /* Kingfisher in Frameworks */ = {isa = PBXBuildFile; productRef = C7F2BD152610479F00578746 /* Kingfisher */; };
		C7F2BD1A2610482C00578746 /* Moya in Frameworks */ = {isa = PBXBuildFile; productRef = C7F2BD192610482C00578746 /* Moya */; };
		C7F2BD1E26104BEE00578746 /* Items.swift in Sources */ = {isa = PBXBuildFile; fileRef = C7F2BD1D26104BEE00578746 /* Items.swift */; };
/* End PBXBuildFile section */

/* Begin PBXFileReference section */
		C082463B2612385A003ADD82 /* DateFormatter+Extensions.swift */ = {isa = PBXFileReference; lastKnownFileType = sourcecode.swift; path = "DateFormatter+Extensions.swift"; sourceTree = "<group>"; };
		C082463F261238EA003ADD82 /* MovieListView.swift */ = {isa = PBXFileReference; lastKnownFileType = sourcecode.swift; path = MovieListView.swift; sourceTree = "<group>"; };
		C082464326123907003ADD82 /* TMDBVerticalGrid.swift */ = {isa = PBXFileReference; lastKnownFileType = sourcecode.swift; path = TMDBVerticalGrid.swift; sourceTree = "<group>"; };
		C08246462612491A003ADD82 /* MovieListViewModel.swift */ = {isa = PBXFileReference; lastKnownFileType = sourcecode.swift; path = MovieListViewModel.swift; sourceTree = "<group>"; };
		C082464926124AB3003ADD82 /* TVShowListViewModel.swift */ = {isa = PBXFileReference; lastKnownFileType = sourcecode.swift; path = TVShowListViewModel.swift; sourceTree = "<group>"; };
		C082464C26124DB8003ADD82 /* MoviesService.swift */ = {isa = PBXFileReference; lastKnownFileType = sourcecode.swift; path = MoviesService.swift; sourceTree = "<group>"; };
		C082464F26124E3D003ADD82 /* TVShowsService.swift */ = {isa = PBXFileReference; lastKnownFileType = sourcecode.swift; path = TVShowsService.swift; sourceTree = "<group>"; };
		C0824655261252AF003ADD82 /* MoyaRequester.swift */ = {isa = PBXFileReference; lastKnownFileType = sourcecode.swift; path = MoyaRequester.swift; sourceTree = "<group>"; };
		C082465A261253C9003ADD82 /* NetworkManager.swift */ = {isa = PBXFileReference; lastKnownFileType = sourcecode.swift; path = NetworkManager.swift; sourceTree = "<group>"; };
		C082465E2612547E003ADD82 /* NetworkConfiguration.swift */ = {isa = PBXFileReference; lastKnownFileType = sourcecode.swift; path = NetworkConfiguration.swift; sourceTree = "<group>"; };
		C082466426125864003ADD82 /* MoviesTarget.swift */ = {isa = PBXFileReference; lastKnownFileType = sourcecode.swift; path = MoviesTarget.swift; sourceTree = "<group>"; };
		C082466726125981003ADD82 /* TVShowsTarget.swift */ = {isa = PBXFileReference; lastKnownFileType = sourcecode.swift; path = TVShowsTarget.swift; sourceTree = "<group>"; };
		C082466A26125AA6003ADD82 /* APIResponse.swift */ = {isa = PBXFileReference; lastKnownFileType = sourcecode.swift; path = APIResponse.swift; sourceTree = "<group>"; };
		C082466D26125D6C003ADD82 /* TVShowListView.swift */ = {isa = PBXFileReference; lastKnownFileType = sourcecode.swift; path = TVShowListView.swift; sourceTree = "<group>"; };
		C7F2BCF1261045E200578746 /* NetworkManager.app */ = {isa = PBXFileReference; explicitFileType = wrapper.application; includeInIndex = 0; path = NetworkManager.app; sourceTree = BUILT_PRODUCTS_DIR; };
		C7F2BCF4261045E200578746 /* NetworkManagerApp.swift */ = {isa = PBXFileReference; lastKnownFileType = sourcecode.swift; path = NetworkManagerApp.swift; sourceTree = "<group>"; };
		C7F2BCF6261045E200578746 /* ContentView.swift */ = {isa = PBXFileReference; lastKnownFileType = sourcecode.swift; path = ContentView.swift; sourceTree = "<group>"; };
		C7F2BCF8261045E300578746 /* Assets.xcassets */ = {isa = PBXFileReference; lastKnownFileType = folder.assetcatalog; path = Assets.xcassets; sourceTree = "<group>"; };
		C7F2BCFB261045E300578746 /* Preview Assets.xcassets */ = {isa = PBXFileReference; lastKnownFileType = folder.assetcatalog; path = "Preview Assets.xcassets"; sourceTree = "<group>"; };
		C7F2BCFD261045E300578746 /* Info.plist */ = {isa = PBXFileReference; lastKnownFileType = text.plist.xml; path = Info.plist; sourceTree = "<group>"; };
		C7F2BD0C261046A700578746 /* Constants.swift */ = {isa = PBXFileReference; lastKnownFileType = sourcecode.swift; path = Constants.swift; sourceTree = "<group>"; };
		C7F2BD112610470400578746 /* ItemView.swift */ = {isa = PBXFileReference; lastKnownFileType = sourcecode.swift; path = ItemView.swift; sourceTree = "<group>"; };
		C7F2BD1D26104BEE00578746 /* Items.swift */ = {isa = PBXFileReference; lastKnownFileType = sourcecode.swift; path = Items.swift; sourceTree = "<group>"; };
/* End PBXFileReference section */

/* Begin PBXFrameworksBuildPhase section */
		C7F2BCEE261045E200578746 /* Frameworks */ = {
			isa = PBXFrameworksBuildPhase;
			buildActionMask = 2147483647;
			files = (
				C7F2BD1A2610482C00578746 /* Moya in Frameworks */,
				C7F2BD162610479F00578746 /* Kingfisher in Frameworks */,
			);
			runOnlyForDeploymentPostprocessing = 0;
		};
/* End PBXFrameworksBuildPhase section */

/* Begin PBXGroup section */
		C082463A2612384D003ADD82 /* Extensions */ = {
			isa = PBXGroup;
			children = (
				C082463B2612385A003ADD82 /* DateFormatter+Extensions.swift */,
			);
			path = Extensions;
			sourceTree = "<group>";
		};
		C0824642261238FA003ADD82 /* CustomViews */ = {
			isa = PBXGroup;
			children = (
				C082464326123907003ADD82 /* TMDBVerticalGrid.swift */,
			);
			path = CustomViews;
			sourceTree = "<group>";
		};
		C08246522612527A003ADD82 /* Managers */ = {
			isa = PBXGroup;
			children = (
				C082465426125288003ADD82 /* MoyaRequester */,
			);
			path = Managers;
			sourceTree = "<group>";
		};
		C08246532612527F003ADD82 /* Networking */ = {
			isa = PBXGroup;
			children = (
				C08246622612568B003ADD82 /* Targets */,
				C082465E2612547E003ADD82 /* NetworkConfiguration.swift */,
				C082465A261253C9003ADD82 /* NetworkManager.swift */,
			);
			path = Networking;
			sourceTree = "<group>";
		};
		C082465426125288003ADD82 /* MoyaRequester */ = {
			isa = PBXGroup;
			children = (
				C0824655261252AF003ADD82 /* MoyaRequester.swift */,
			);
			path = MoyaRequester;
			sourceTree = "<group>";
		};
		C08246622612568B003ADD82 /* Targets */ = {
			isa = PBXGroup;
			children = (
				C082466426125864003ADD82 /* MoviesTarget.swift */,
				C082466726125981003ADD82 /* TVShowsTarget.swift */,
			);
			path = Targets;
			sourceTree = "<group>";
		};
		C7F2BCE8261045E200578746 = {
			isa = PBXGroup;
			children = (
				C7F2BCF3261045E200578746 /* NetworkManager */,
				C7F2BCF2261045E200578746 /* Products */,
			);
			sourceTree = "<group>";
		};
		C7F2BCF2261045E200578746 /* Products */ = {
			isa = PBXGroup;
			children = (
				C7F2BCF1261045E200578746 /* NetworkManager.app */,
			);
			name = Products;
			sourceTree = "<group>";
		};
		C7F2BCF3261045E200578746 /* NetworkManager */ = {
			isa = PBXGroup;
			children = (
				C7F2BD072610466A00578746 /* Core */,
				C7F2BD062610465300578746 /* Source */,
				C7F2BD042610464E00578746 /* SupportingFiles */,
				C7F2BCFD261045E300578746 /* Info.plist */,
				C7F2BCFA261045E300578746 /* Preview Content */,
			);
			path = NetworkManager;
			sourceTree = "<group>";
		};
		C7F2BCFA261045E300578746 /* Preview Content */ = {
			isa = PBXGroup;
			children = (
				C7F2BCFB261045E300578746 /* Preview Assets.xcassets */,
			);
			path = "Preview Content";
			sourceTree = "<group>";
		};
		C7F2BD042610464E00578746 /* SupportingFiles */ = {
			isa = PBXGroup;
			children = (
				C7F2BCF4261045E200578746 /* NetworkManagerApp.swift */,
				C7F2BCF8261045E300578746 /* Assets.xcassets */,
			);
			path = SupportingFiles;
			sourceTree = "<group>";
		};
		C7F2BD062610465300578746 /* Source */ = {
			isa = PBXGroup;
			children = (
				C082463A2612384D003ADD82 /* Extensions */,
				C7F2BD2126104D5200578746 /* Services */,
				C7F2BD2026104D4A00578746 /* ViewModels */,
				C7F2BD092610469300578746 /* Views */,
				C7F2BCF6261045E200578746 /* ContentView.swift */,
			);
			path = Source;
			sourceTree = "<group>";
		};
		C7F2BD072610466A00578746 /* Core */ = {
			isa = PBXGroup;
			children = (
				C08246522612527A003ADD82 /* Managers */,
				C08246532612527F003ADD82 /* Networking */,
				C7F2BD0B2610469E00578746 /* Configuration */,
				C7F2BD0A2610469A00578746 /* Models */,
			);
			path = Core;
			sourceTree = "<group>";
		};
		C7F2BD092610469300578746 /* Views */ = {
			isa = PBXGroup;
			children = (
				C0824642261238FA003ADD82 /* CustomViews */,
				C7F2BD112610470400578746 /* ItemView.swift */,
				C082463F261238EA003ADD82 /* MovieListView.swift */,
				C082466D26125D6C003ADD82 /* TVShowListView.swift */,
			);
			path = Views;
			sourceTree = "<group>";
		};
		C7F2BD0A2610469A00578746 /* Models */ = {
			isa = PBXGroup;
			children = (
				C7F2BD1D26104BEE00578746 /* Items.swift */,
				C082466A26125AA6003ADD82 /* APIResponse.swift */,
			);
			path = Models;
			sourceTree = "<group>";
		};
		C7F2BD0B2610469E00578746 /* Configuration */ = {
			isa = PBXGroup;
			children = (
				C7F2BD0C261046A700578746 /* Constants.swift */,
			);
			path = Configuration;
			sourceTree = "<group>";
		};
		C7F2BD2026104D4A00578746 /* ViewModels */ = {
			isa = PBXGroup;
			children = (
				C08246462612491A003ADD82 /* MovieListViewModel.swift */,
				C082464926124AB3003ADD82 /* TVShowListViewModel.swift */,
			);
			path = ViewModels;
			sourceTree = "<group>";
		};
		C7F2BD2126104D5200578746 /* Services */ = {
			isa = PBXGroup;
			children = (
				C082464C26124DB8003ADD82 /* MoviesService.swift */,
				C082464F26124E3D003ADD82 /* TVShowsService.swift */,
			);
			path = Services;
			sourceTree = "<group>";
		};
/* End PBXGroup section */

/* Begin PBXNativeTarget section */
		C7F2BCF0261045E200578746 /* NetworkManager */ = {
			isa = PBXNativeTarget;
			buildConfigurationList = C7F2BD00261045E300578746 /* Build configuration list for PBXNativeTarget "NetworkManager" */;
			buildPhases = (
				C7F2BCED261045E200578746 /* Sources */,
				C7F2BCEE261045E200578746 /* Frameworks */,
				C7F2BCEF261045E200578746 /* Resources */,
			);
			buildRules = (
			);
			dependencies = (
			);
			name = NetworkManager;
			packageProductDependencies = (
				C7F2BD152610479F00578746 /* Kingfisher */,
				C7F2BD192610482C00578746 /* Moya */,
			);
			productName = NetworkManager;
			productReference = C7F2BCF1261045E200578746 /* NetworkManager.app */;
			productType = "com.apple.product-type.application";
		};
/* End PBXNativeTarget section */

/* Begin PBXProject section */
		C7F2BCE9261045E200578746 /* Project object */ = {
			isa = PBXProject;
			attributes = {
				LastSwiftUpdateCheck = 1220;
				LastUpgradeCheck = 1220;
				TargetAttributes = {
					C7F2BCF0261045E200578746 = {
						CreatedOnToolsVersion = 12.2;
					};
				};
			};
			buildConfigurationList = C7F2BCEC261045E200578746 /* Build configuration list for PBXProject "NetworkManager" */;
			compatibilityVersion = "Xcode 9.3";
			developmentRegion = en;
			hasScannedForEncodings = 0;
			knownRegions = (
				en,
				Base,
			);
			mainGroup = C7F2BCE8261045E200578746;
			packageReferences = (
				C7F2BD142610479F00578746 /* XCRemoteSwiftPackageReference "Kingfisher" */,
				C7F2BD182610482C00578746 /* XCRemoteSwiftPackageReference "Moya" */,
			);
			productRefGroup = C7F2BCF2261045E200578746 /* Products */;
			projectDirPath = "";
			projectRoot = "";
			targets = (
				C7F2BCF0261045E200578746 /* NetworkManager */,
			);
		};
/* End PBXProject section */

/* Begin PBXResourcesBuildPhase section */
		C7F2BCEF261045E200578746 /* Resources */ = {
			isa = PBXResourcesBuildPhase;
			buildActionMask = 2147483647;
			files = (
				C7F2BCFC261045E300578746 /* Preview Assets.xcassets in Resources */,
				C7F2BCF9261045E300578746 /* Assets.xcassets in Resources */,
			);
			runOnlyForDeploymentPostprocessing = 0;
		};
/* End PBXResourcesBuildPhase section */

/* Begin PBXSourcesBuildPhase section */
		C7F2BCED261045E200578746 /* Sources */ = {
			isa = PBXSourcesBuildPhase;
			buildActionMask = 2147483647;
			files = (
				C082464426123907003ADD82 /* TMDBVerticalGrid.swift in Sources */,
				C7F2BCF7261045E200578746 /* ContentView.swift in Sources */,
				C0824656261252AF003ADD82 /* MoyaRequester.swift in Sources */,
				C0824640261238EA003ADD82 /* MovieListView.swift in Sources */,
				C7F2BD1E26104BEE00578746 /* Items.swift in Sources */,
				C082463C2612385A003ADD82 /* DateFormatter+Extensions.swift in Sources */,
				C082466826125981003ADD82 /* TVShowsTarget.swift in Sources */,
				C7F2BD0D261046A700578746 /* Constants.swift in Sources */,
				C082466526125864003ADD82 /* MoviesTarget.swift in Sources */,
				C7F2BCF5261045E200578746 /* NetworkManagerApp.swift in Sources */,
				C082464D26124DB8003ADD82 /* MoviesService.swift in Sources */,
				C7F2BD122610470400578746 /* ItemView.swift in Sources */,
				C082465B261253C9003ADD82 /* NetworkManager.swift in Sources */,
				C082465F2612547E003ADD82 /* NetworkConfiguration.swift in Sources */,
				C08246472612491A003ADD82 /* MovieListViewModel.swift in Sources */,
				C082466E26125D6C003ADD82 /* TVShowListView.swift in Sources */,
				C082465026124E3D003ADD82 /* TVShowsService.swift in Sources */,
				C082464A26124AB3003ADD82 /* TVShowListViewModel.swift in Sources */,
				C082466B26125AA6003ADD82 /* APIResponse.swift in Sources */,
			);
			runOnlyForDeploymentPostprocessing = 0;
		};
/* End PBXSourcesBuildPhase section */

/* Begin XCBuildConfiguration section */
		C7F2BCFE261045E300578746 /* Debug */ = {
			isa = XCBuildConfiguration;
			buildSettings = {
				ALWAYS_SEARCH_USER_PATHS = NO;
				CLANG_ANALYZER_NONNULL = YES;
				CLANG_ANALYZER_NUMBER_OBJECT_CONVERSION = YES_AGGRESSIVE;
				CLANG_CXX_LANGUAGE_STANDARD = "gnu++14";
				CLANG_CXX_LIBRARY = "libc++";
				CLANG_ENABLE_MODULES = YES;
				CLANG_ENABLE_OBJC_ARC = YES;
				CLANG_ENABLE_OBJC_WEAK = YES;
				CLANG_WARN_BLOCK_CAPTURE_AUTORELEASING = YES;
				CLANG_WARN_BOOL_CONVERSION = YES;
				CLANG_WARN_COMMA = YES;
				CLANG_WARN_CONSTANT_CONVERSION = YES;
				CLANG_WARN_DEPRECATED_OBJC_IMPLEMENTATIONS = YES;
				CLANG_WARN_DIRECT_OBJC_ISA_USAGE = YES_ERROR;
				CLANG_WARN_DOCUMENTATION_COMMENTS = YES;
				CLANG_WARN_EMPTY_BODY = YES;
				CLANG_WARN_ENUM_CONVERSION = YES;
				CLANG_WARN_INFINITE_RECURSION = YES;
				CLANG_WARN_INT_CONVERSION = YES;
				CLANG_WARN_NON_LITERAL_NULL_CONVERSION = YES;
				CLANG_WARN_OBJC_IMPLICIT_RETAIN_SELF = YES;
				CLANG_WARN_OBJC_LITERAL_CONVERSION = YES;
				CLANG_WARN_OBJC_ROOT_CLASS = YES_ERROR;
				CLANG_WARN_QUOTED_INCLUDE_IN_FRAMEWORK_HEADER = YES;
				CLANG_WARN_RANGE_LOOP_ANALYSIS = YES;
				CLANG_WARN_STRICT_PROTOTYPES = YES;
				CLANG_WARN_SUSPICIOUS_MOVE = YES;
				CLANG_WARN_UNGUARDED_AVAILABILITY = YES_AGGRESSIVE;
				CLANG_WARN_UNREACHABLE_CODE = YES;
				CLANG_WARN__DUPLICATE_METHOD_MATCH = YES;
				COPY_PHASE_STRIP = NO;
				DEBUG_INFORMATION_FORMAT = dwarf;
				ENABLE_STRICT_OBJC_MSGSEND = YES;
				ENABLE_TESTABILITY = YES;
				GCC_C_LANGUAGE_STANDARD = gnu11;
				GCC_DYNAMIC_NO_PIC = NO;
				GCC_NO_COMMON_BLOCKS = YES;
				GCC_OPTIMIZATION_LEVEL = 0;
				GCC_PREPROCESSOR_DEFINITIONS = (
					"DEBUG=1",
					"$(inherited)",
				);
				GCC_WARN_64_TO_32_BIT_CONVERSION = YES;
				GCC_WARN_ABOUT_RETURN_TYPE = YES_ERROR;
				GCC_WARN_UNDECLARED_SELECTOR = YES;
				GCC_WARN_UNINITIALIZED_AUTOS = YES_AGGRESSIVE;
				GCC_WARN_UNUSED_FUNCTION = YES;
				GCC_WARN_UNUSED_VARIABLE = YES;
				IPHONEOS_DEPLOYMENT_TARGET = 14.2;
				MTL_ENABLE_DEBUG_INFO = INCLUDE_SOURCE;
				MTL_FAST_MATH = YES;
				ONLY_ACTIVE_ARCH = YES;
				SDKROOT = iphoneos;
				SWIFT_ACTIVE_COMPILATION_CONDITIONS = DEBUG;
				SWIFT_OPTIMIZATION_LEVEL = "-Onone";
			};
			name = Debug;
		};
		C7F2BCFF261045E300578746 /* Release */ = {
			isa = XCBuildConfiguration;
			buildSettings = {
				ALWAYS_SEARCH_USER_PATHS = NO;
				CLANG_ANALYZER_NONNULL = YES;
				CLANG_ANALYZER_NUMBER_OBJECT_CONVERSION = YES_AGGRESSIVE;
				CLANG_CXX_LANGUAGE_STANDARD = "gnu++14";
				CLANG_CXX_LIBRARY = "libc++";
				CLANG_ENABLE_MODULES = YES;
				CLANG_ENABLE_OBJC_ARC = YES;
				CLANG_ENABLE_OBJC_WEAK = YES;
				CLANG_WARN_BLOCK_CAPTURE_AUTORELEASING = YES;
				CLANG_WARN_BOOL_CONVERSION = YES;
				CLANG_WARN_COMMA = YES;
				CLANG_WARN_CONSTANT_CONVERSION = YES;
				CLANG_WARN_DEPRECATED_OBJC_IMPLEMENTATIONS = YES;
				CLANG_WARN_DIRECT_OBJC_ISA_USAGE = YES_ERROR;
				CLANG_WARN_DOCUMENTATION_COMMENTS = YES;
				CLANG_WARN_EMPTY_BODY = YES;
				CLANG_WARN_ENUM_CONVERSION = YES;
				CLANG_WARN_INFINITE_RECURSION = YES;
				CLANG_WARN_INT_CONVERSION = YES;
				CLANG_WARN_NON_LITERAL_NULL_CONVERSION = YES;
				CLANG_WARN_OBJC_IMPLICIT_RETAIN_SELF = YES;
				CLANG_WARN_OBJC_LITERAL_CONVERSION = YES;
				CLANG_WARN_OBJC_ROOT_CLASS = YES_ERROR;
				CLANG_WARN_QUOTED_INCLUDE_IN_FRAMEWORK_HEADER = YES;
				CLANG_WARN_RANGE_LOOP_ANALYSIS = YES;
				CLANG_WARN_STRICT_PROTOTYPES = YES;
				CLANG_WARN_SUSPICIOUS_MOVE = YES;
				CLANG_WARN_UNGUARDED_AVAILABILITY = YES_AGGRESSIVE;
				CLANG_WARN_UNREACHABLE_CODE = YES;
				CLANG_WARN__DUPLICATE_METHOD_MATCH = YES;
				COPY_PHASE_STRIP = NO;
				DEBUG_INFORMATION_FORMAT = "dwarf-with-dsym";
				ENABLE_NS_ASSERTIONS = NO;
				ENABLE_STRICT_OBJC_MSGSEND = YES;
				GCC_C_LANGUAGE_STANDARD = gnu11;
				GCC_NO_COMMON_BLOCKS = YES;
				GCC_WARN_64_TO_32_BIT_CONVERSION = YES;
				GCC_WARN_ABOUT_RETURN_TYPE = YES_ERROR;
				GCC_WARN_UNDECLARED_SELECTOR = YES;
				GCC_WARN_UNINITIALIZED_AUTOS = YES_AGGRESSIVE;
				GCC_WARN_UNUSED_FUNCTION = YES;
				GCC_WARN_UNUSED_VARIABLE = YES;
				IPHONEOS_DEPLOYMENT_TARGET = 14.2;
				MTL_ENABLE_DEBUG_INFO = NO;
				MTL_FAST_MATH = YES;
				SDKROOT = iphoneos;
				SWIFT_COMPILATION_MODE = wholemodule;
				SWIFT_OPTIMIZATION_LEVEL = "-O";
				VALIDATE_PRODUCT = YES;
			};
			name = Release;
		};
		C7F2BD01261045E300578746 /* Debug */ = {
			isa = XCBuildConfiguration;
			buildSettings = {
				ASSETCATALOG_COMPILER_APPICON_NAME = AppIcon;
				ASSETCATALOG_COMPILER_GLOBAL_ACCENT_COLOR_NAME = AccentColor;
				CODE_SIGN_STYLE = Automatic;
				DEVELOPMENT_ASSET_PATHS = "\"NetworkManager/Preview Content\"";
				DEVELOPMENT_TEAM = 8VH2B3DK6W;
				ENABLE_PREVIEWS = YES;
				INFOPLIST_FILE = NetworkManager/Info.plist;
				IPHONEOS_DEPLOYMENT_TARGET = 14.0;
				LD_RUNPATH_SEARCH_PATHS = (
					"$(inherited)",
					"@executable_path/Frameworks",
				);
				PRODUCT_BUNDLE_IDENTIFIER = com.vanegasdev.NetworkManager;
				PRODUCT_NAME = "$(TARGET_NAME)";
				SWIFT_VERSION = 5.0;
				TARGETED_DEVICE_FAMILY = "1,2";
			};
			name = Debug;
		};
		C7F2BD02261045E300578746 /* Release */ = {
			isa = XCBuildConfiguration;
			buildSettings = {
				ASSETCATALOG_COMPILER_APPICON_NAME = AppIcon;
				ASSETCATALOG_COMPILER_GLOBAL_ACCENT_COLOR_NAME = AccentColor;
				CODE_SIGN_STYLE = Automatic;
				DEVELOPMENT_ASSET_PATHS = "\"NetworkManager/Preview Content\"";
				DEVELOPMENT_TEAM = 8VH2B3DK6W;
				ENABLE_PREVIEWS = YES;
				INFOPLIST_FILE = NetworkManager/Info.plist;
				IPHONEOS_DEPLOYMENT_TARGET = 14.0;
				LD_RUNPATH_SEARCH_PATHS = (
					"$(inherited)",
					"@executable_path/Frameworks",
				);
				PRODUCT_BUNDLE_IDENTIFIER = com.vanegasdev.NetworkManager;
				PRODUCT_NAME = "$(TARGET_NAME)";
				SWIFT_VERSION = 5.0;
				TARGETED_DEVICE_FAMILY = "1,2";
			};
			name = Release;
		};
/* End XCBuildConfiguration section */

/* Begin XCConfigurationList section */
		C7F2BCEC261045E200578746 /* Build configuration list for PBXProject "NetworkManager" */ = {
			isa = XCConfigurationList;
			buildConfigurations = (
				C7F2BCFE261045E300578746 /* Debug */,
				C7F2BCFF261045E300578746 /* Release */,
			);
			defaultConfigurationIsVisible = 0;
			defaultConfigurationName = Release;
		};
		C7F2BD00261045E300578746 /* Build configuration list for PBXNativeTarget "NetworkManager" */ = {
			isa = XCConfigurationList;
			buildConfigurations = (
				C7F2BD01261045E300578746 /* Debug */,
				C7F2BD02261045E300578746 /* Release */,
			);
			defaultConfigurationIsVisible = 0;
			defaultConfigurationName = Release;
		};
/* End XCConfigurationList section */

/* Begin XCRemoteSwiftPackageReference section */
		C7F2BD142610479F00578746 /* XCRemoteSwiftPackageReference "Kingfisher" */ = {
			isa = XCRemoteSwiftPackageReference;
			repositoryURL = "https://github.com/onevcat/Kingfisher.git";
			requirement = {
				kind = upToNextMajorVersion;
				minimumVersion = 6.2.1;
			};
		};
		C7F2BD182610482C00578746 /* XCRemoteSwiftPackageReference "Moya" */ = {
			isa = XCRemoteSwiftPackageReference;
			repositoryURL = "https://github.com/Moya/Moya.git";
			requirement = {
				kind = upToNextMajorVersion;
				minimumVersion = 14.0.1;
			};
		};
/* End XCRemoteSwiftPackageReference section */

/* Begin XCSwiftPackageProductDependency section */
		C7F2BD152610479F00578746 /* Kingfisher */ = {
			isa = XCSwiftPackageProductDependency;
			package = C7F2BD142610479F00578746 /* XCRemoteSwiftPackageReference "Kingfisher" */;
			productName = Kingfisher;
		};
		C7F2BD192610482C00578746 /* Moya */ = {
			isa = XCSwiftPackageProductDependency;
			package = C7F2BD182610482C00578746 /* XCRemoteSwiftPackageReference "Moya" */;
			productName = Moya;
		};
/* End XCSwiftPackageProductDependency section */
	};
	rootObject = C7F2BCE9261045E200578746 /* Project object */;
}
